# 仅用于 darwin-arm64、Python 3.9.6 的 PP-OCRv5 可复现转换环境。
anyio==4.12.1 --hash=sha256:d405828884fc140aa80a3c667b8beed277f1dfedec42ba031bd6ac3db606ab6c
astor==0.8.1 --hash=sha256:070a54e890cefb5b3739d19f30f5a5ec840ffc9c50ffa7d23cc9fc1a38ebbfc5
certifi==2026.7.22 --hash=sha256:62f22742b58a1a33014a2b6b706588a8d7e2a88ae7bd1a6ebe8c992928483775
decorator==5.3.1 --hash=sha256:f47fe6fdbd2edd623ecfe36875d37aba411624e2670dd395dddae1358689bb3c
exceptiongroup==1.3.1 --hash=sha256:a7a39a3bd276781e98394987d3a5701d0c4edffb633bb7a5144577f82c773598
h11==0.16.0 --hash=sha256:63cf8bbe7522de3bf65932fda1d9c2772064ffb3dae62d55932da54b31cb6c86
httpcore==1.0.9 --hash=sha256:2d400746a40668fc9dec9810239072b40b4484b640a8c38fd654a024c7a1bf55
httpx==0.28.1 --hash=sha256:d909fcccc110f8c7faf814ca82a9a4d816bc5a6dbfea25d6591d6985b8ba59ad
idna==3.18 --hash=sha256:7f952cbe720b688055e3f87de14f5c3e5fdaa8bc3928985c4077ca689de849a2
networkx==3.2.1 --hash=sha256:f18c69adc97877c42332c170849c96cefa91881c99a7cb3e95b7c659ebdc1ec2
numpy==2.0.2 --hash=sha256:2b2955fa6f11907cf7a70dab0d0755159bca87755e831e47932367fc8f2f2d0b
onnx==1.17.0 --hash=sha256:67e1c59034d89fff43b5301b6178222e54156eadd6ab4cd78ddc34b2f6274a66
onnxoptimizer==0.3.13 --hash=sha256:1949c259bc87a92680b1d4ee54813dc712a4328b4d4e140ec44c1739862baccc
opt-einsum==3.3.0 --hash=sha256:2455e59e3947d3c275477df7f5205b30635e266fe6dc300e3d9f9646bfcea147
packaging==24.2 --hash=sha256:09abb1bccd265c01f4a3aa3f7a7db064b36514d2cba19a2f694fe6150451a759
paddle2onnx==2.1.0 --hash=sha256:53c52eb28ce7785459dfd75ea930d0e4a316982384ca65b950ace1075648252f
paddlepaddle==3.0.0 --hash=sha256:00bd606cdce5dbae2b9752afdc07479c5fab9df73efdf1bf577d187fd492f289
pillow==11.3.0 --hash=sha256:7aee118e30a4cf54fdd873bd3a29de51e29105ab11f9aad8c32123f58c8f8081
polygraphy==0.53.4 --hash=sha256:cfccdcee0552426c3b0cbe7c90f428a821cb1d20d0149b0871ceb5e99220cc70
protobuf==6.33.6 --hash=sha256:9720e6961b251bde64edfdab7d500725a2af5280f3f4c87e57c0208376aa8c3a
pyyaml==6.0.3 --hash=sha256:c3355370a2c156cffb25e876646f149d5d68f5e0a3ce86a5084dd0b64a994917
typing-extensions==4.16.0 --hash=sha256:481caa481374e813c1b176ada14e97f1f67a4539ce9cfeb3f350d78d6370c2e8
